
Microsoft Visual Studio Solution File, Format Version 12.00
# Visual Studio Version 17
VisualStudioVersion = 17.6.33712.159
MinimumVisualStudioVersion = 10.0.40219.1
Project("{9A19103F-16F7-4668-BE54-9A1E7A4F7556}") = "1-1-CountWordsInString(StringProject)", "StringProject\1-1-CountWordsInString(StringProject).csproj", "{E22EDB7C-F615-4329-A681-81E47D7D80AB}"
EndProject
Project("{9A19103F-16F7-4668-BE54-9A1E7A4F7556}") = "1-2-HowManyTimeWordUseInString", "HowManyTimeWordUseInString\1-2-HowManyTimeWordUseInString.csproj", "{FA9E483A-0AF7-428D-A2A4-D5F2E6377050}"
EndProject
Project("{9A19103F-16F7-4668-BE54-9A1E7A4F7556}") = "1-3-RemoveExtraSpacesInString", "RemoveExtraSpacesInString\1-3-RemoveExtraSpacesInString.csproj", "{69B75095-FFEF-47A5-802E-6F720754DC6E}"
EndProject
Project("{9A19103F-16F7-4668-BE54-9A1E7A4F7556}") = "1-4-FindAndReplaceWordInString", "FindAndReplaceWordInString\1-4-FindAndReplaceWordInString.csproj", "{D454F4A0-0150-4AC0-83C1-45C290478BC5}"
EndProject
Project("{9A19103F-16F7-4668-BE54-9A1E7A4F7556}") = "2-1-GetDOBFromUserInYearMonthAgeAndOutPutAgeAndPartOfLife", "GetDOBFromUserInYearMonthAgeAndOutPutAgeAndPartOfLife\2-1-GetDOBFromUserInYearMonthAgeAndOutPutAgeAndPartOfLife.csproj", "{0FC48057-6DBE-466C-A6A6-555050FD0EC6}"
EndProject
Project("{9A19103F-16F7-4668-BE54-9A1E7A4F7556}") = "2-2-InputFromUserDateAndDayAndTellTheNextDay", "InputFromUserDateAndDayAndTellTheNextDay\2-2-InputFromUserDateAndDayAndTellTheNextDay.csproj", "{3FB858FA-7448-4D4D-B09E-BF9CE20FE50F}"
EndProject
Project("{9A19103F-16F7-4668-BE54-9A1E7A4F7556}") = "2-3-FindTheDayAfter15DaysAndWhatTheDayOfTheYearThatDayIs", "FindTheDayAfter15DaysAndWhatTheDayOfTheYearThatDayIs\2-3-FindTheDayAfter15DaysAndWhatTheDayOfTheYearThatDayIs.csproj", "{4A698DD6-ECF3-476A-A6FE-5FE0ACFF0247}"
EndProject
Project("{9A19103F-16F7-4668-BE54-9A1E7A4F7556}") = "2-4-PrintDateBetweenToDates", "PrintDateBetweenToDates\2-4-PrintDateBetweenToDates.csproj", "{D5D30A52-471F-4693-9635-27A493E8B414}"
EndProject
Project("{9A19103F-16F7-4668-BE54-9A1E7A4F7556}") = "3-1-FindWhatDayIsToDay", "FindWhatDayIsToDay\3-1-FindWhatDayIsToDay.csproj", "{CC82EDF4-5FAC-4B33-A7B1-3960A2C97476}"
EndProject
Project("{9A19103F-16F7-4668-BE54-9A1E7A4F7556}") = "3-2-CallSeasonNameFromEnumAccordingToDate", "CallSeasonNameFromEnumAccordingToDate\3-2-CallSeasonNameFromEnumAccordingToDate.csproj", "{A377B148-C5CA-4351-921B-3E513F009AF6}"
EndProject
Project("{FAE04EC0-301F-11D3-BF4B-00C04F79EFBC}") = "3-3-CheckDressSizeIsAvailableOrNot", "CheckDressSizeIsAvailableOrNot\3-3-CheckDressSizeIsAvailableOrNot.csproj", "{6048D4CD-9FD0-434A-8640-7435251AA103}"
EndProject
Project("{FAE04EC0-301F-11D3-BF4B-00C04F79EFBC}") = "3-4-CalculatorUsingEnum", "CalculatorUsingEnum\3-4-CalculatorUsingEnum.csproj", "{A0F2FC2A-391F-4F0C-8961-3F5CF5599B4F}"
EndProject
Global
	GlobalSection(SolutionConfigurationPlatforms) = preSolution
		Debug|Any CPU = Debug|Any CPU
		Release|Any CPU = Release|Any CPU
	EndGlobalSection
	GlobalSection(ProjectConfigurationPlatforms) = postSolution
		{E22EDB7C-F615-4329-A681-81E47D7D80AB}.Debug|Any CPU.ActiveCfg = Debug|Any CPU
		{E22EDB7C-F615-4329-A681-81E47D7D80AB}.Debug|Any CPU.Build.0 = Debug|Any CPU
		{E22EDB7C-F615-4329-A681-81E47D7D80AB}.Release|Any CPU.ActiveCfg = Release|Any CPU
		{E22EDB7C-F615-4329-A681-81E47D7D80AB}.Release|Any CPU.Build.0 = Release|Any CPU
		{FA9E483A-0AF7-428D-A2A4-D5F2E6377050}.Debug|Any CPU.ActiveCfg = Debug|Any CPU
		{FA9E483A-0AF7-428D-A2A4-D5F2E6377050}.Debug|Any CPU.Build.0 = Debug|Any CPU
		{FA9E483A-0AF7-428D-A2A4-D5F2E6377050}.Release|Any CPU.ActiveCfg = Release|Any CPU
		{FA9E483A-0AF7-428D-A2A4-D5F2E6377050}.Release|Any CPU.Build.0 = Release|Any CPU
		{69B75095-FFEF-47A5-802E-6F720754DC6E}.Debug|Any CPU.ActiveCfg = Debug|Any CPU
		{69B75095-FFEF-47A5-802E-6F720754DC6E}.Debug|Any CPU.Build.0 = Debug|Any CPU
		{69B75095-FFEF-47A5-802E-6F720754DC6E}.Release|Any CPU.ActiveCfg = Release|Any CPU
		{69B75095-FFEF-47A5-802E-6F720754DC6E}.Release|Any CPU.Build.0 = Release|Any CPU
		{D454F4A0-0150-4AC0-83C1-45C290478BC5}.Debug|Any CPU.ActiveCfg = Debug|Any CPU
		{D454F4A0-0150-4AC0-83C1-45C290478BC5}.Debug|Any CPU.Build.0 = Debug|Any CPU
		{D454F4A0-0150-4AC0-83C1-45C290478BC5}.Release|Any CPU.ActiveCfg = Release|Any CPU
		{D454F4A0-0150-4AC0-83C1-45C290478BC5}.Release|Any CPU.Build.0 = Release|Any CPU
		{0FC48057-6DBE-466C-A6A6-555050FD0EC6}.Debug|Any CPU.ActiveCfg = Debug|Any CPU
		{0FC48057-6DBE-466C-A6A6-555050FD0EC6}.Debug|Any CPU.Build.0 = Debug|Any CPU
		{0FC48057-6DBE-466C-A6A6-555050FD0EC6}.Release|Any CPU.ActiveCfg = Release|Any CPU
		{0FC48057-6DBE-466C-A6A6-555050FD0EC6}.Release|Any CPU.Build.0 = Release|Any CPU
		{3FB858FA-7448-4D4D-B09E-BF9CE20FE50F}.Debug|Any CPU.ActiveCfg = Debug|Any CPU
		{3FB858FA-7448-4D4D-B09E-BF9CE20FE50F}.Debug|Any CPU.Build.0 = Debug|Any CPU
		{3FB858FA-7448-4D4D-B09E-BF9CE20FE50F}.Release|Any CPU.ActiveCfg = Release|Any CPU
		{3FB858FA-7448-4D4D-B09E-BF9CE20FE50F}.Release|Any CPU.Build.0 = Release|Any CPU
		{4A698DD6-ECF3-476A-A6FE-5FE0ACFF0247}.Debug|Any CPU.ActiveCfg = Debug|Any CPU
		{4A698DD6-ECF3-476A-A6FE-5FE0ACFF0247}.Debug|Any CPU.Build.0 = Debug|Any CPU
		{4A698DD6-ECF3-476A-A6FE-5FE0ACFF0247}.Release|Any CPU.ActiveCfg = Release|Any CPU
		{4A698DD6-ECF3-476A-A6FE-5FE0ACFF0247}.Release|Any CPU.Build.0 = Release|Any CPU
		{D5D30A52-471F-4693-9635-27A493E8B414}.Debug|Any CPU.ActiveCfg = Debug|Any CPU
		{D5D30A52-471F-4693-9635-27A493E8B414}.Debug|Any CPU.Build.0 = Debug|Any CPU
		{D5D30A52-471F-4693-9635-27A493E8B414}.Release|Any CPU.ActiveCfg = Release|Any CPU
		{D5D30A52-471F-4693-9635-27A493E8B414}.Release|Any CPU.Build.0 = Release|Any CPU
		{CC82EDF4-5FAC-4B33-A7B1-3960A2C97476}.Debug|Any CPU.ActiveCfg = Debug|Any CPU
		{CC82EDF4-5FAC-4B33-A7B1-3960A2C97476}.Debug|Any CPU.Build.0 = Debug|Any CPU
		{CC82EDF4-5FAC-4B33-A7B1-3960A2C97476}.Release|Any CPU.ActiveCfg = Release|Any CPU
		{CC82EDF4-5FAC-4B33-A7B1-3960A2C97476}.Release|Any CPU.Build.0 = Release|Any CPU
		{A377B148-C5CA-4351-921B-3E513F009AF6}.Debug|Any CPU.ActiveCfg = Debug|Any CPU
		{A377B148-C5CA-4351-921B-3E513F009AF6}.Debug|Any CPU.Build.0 = Debug|Any CPU
		{A377B148-C5CA-4351-921B-3E513F009AF6}.Release|Any CPU.ActiveCfg = Release|Any CPU
		{A377B148-C5CA-4351-921B-3E513F009AF6}.Release|Any CPU.Build.0 = Release|Any CPU
		{6048D4CD-9FD0-434A-8640-7435251AA103}.Debug|Any CPU.ActiveCfg = Debug|Any CPU
		{6048D4CD-9FD0-434A-8640-7435251AA103}.Debug|Any CPU.Build.0 = Debug|Any CPU
		{6048D4CD-9FD0-434A-8640-7435251AA103}.Release|Any CPU.ActiveCfg = Release|Any CPU
		{6048D4CD-9FD0-434A-8640-7435251AA103}.Release|Any CPU.Build.0 = Release|Any CPU
		{A0F2FC2A-391F-4F0C-8961-3F5CF5599B4F}.Debug|Any CPU.ActiveCfg = Debug|Any CPU
		{A0F2FC2A-391F-4F0C-8961-3F5CF5599B4F}.Debug|Any CPU.Build.0 = Debug|Any CPU
		{A0F2FC2A-391F-4F0C-8961-3F5CF5599B4F}.Release|Any CPU.ActiveCfg = Release|Any CPU
		{A0F2FC2A-391F-4F0C-8961-3F5CF5599B4F}.Release|Any CPU.Build.0 = Release|Any CPU
	EndGlobalSection
	GlobalSection(SolutionProperties) = preSolution
		HideSolutionNode = FALSE
	EndGlobalSection
	GlobalSection(ExtensibilityGlobals) = postSolution
		SolutionGuid = {1CE86434-7F4F-4126-AB94-DF8F46C27321}
	EndGlobalSection
EndGlobal
